[[dependencies]]
name = "@layerzerolabs-lz-evm-messagelib-v2"
version = "3.0.75"
url = "https://soldeer-revisions.s3.amazonaws.com/@layerzerolabs-lz-evm-messagelib-v2/3_0_75_08-03-2025_08:55:39_lz-evm-messagelib-v2.zip"
checksum = "9cb249acbab93e60552e4ab1279e8728e6ec91e75ecff8186104dfb9f868f48f"
integrity = "3433517512159bba691ed6a2ade1c5f139ba52242ad027749afde24953780b4b"

[[dependencies]]
name = "@layerzerolabs-lz-evm-protocol-v2"
version = "3.0.75"
url = "https://soldeer-revisions.s3.amazonaws.com/@layerzerolabs-lz-evm-protocol-v2/3_0_75_08-03-2025_08:55:45_lz-evm-protocol-v2.zip"
checksum = "87bd2145a4a771b9669628c5d14687b64e9f0887564aa10bc4ed6a54f9818327"
integrity = "0de73343af5d243e6f462a918fdf2d131672402e0542c0b04368d49d99a995d5"

[[dependencies]]
name = "@layerzerolabs-lz-evm-v1-0-7"
version = "3.0.75"
url = "https://soldeer-revisions.s3.amazonaws.com/@layerzerolabs-lz-evm-v1-0-7/3_0_75_08-03-2025_08:55:51_lz-evm-v1-0.zip"
checksum = "6983e5d723d168494e459744f69dc624161a7415407d1399d637853296828b4e"
integrity = "755b57615c6efb806f8ffb52fee3b91744686f945bffdb9df66841acd66c9cd4"

[[dependencies]]
name = "@layerzerolabs-oapp-evm"
version = "0.3.2"
url = "https://soldeer-revisions.s3.amazonaws.com/@layerzerolabs-oapp-evm/0_3_2_08-03-2025_08:55:58_oapp-evm.zip"
checksum = "3ab34a2e41af455e55b4bff6ffffc535f83311e3d100b3b66876b6917f7a0ad7"
integrity = "9ee76076bfe90b69ef534ff42c367bf253ad0cadc0b10e94483dc4bc34864d58"

[[dependencies]]
name = "@layerzerolabs-oft-evm"
version = "3.1.3"
url = "https://soldeer-revisions.s3.amazonaws.com/@layerzerolabs-oft-evm/3_1_3_08-03-2025_08:56:05_oft-evm.zip"
checksum = "f3e43cd67cf56e9f79e88bc26a993ef2a616c11437e9d4c616b350388eb6f82d"
integrity = "5dca68ecb4466047026ab5169bfedc080e9247d5fdd9eddfa33419aeccf972d6"

[[dependencies]]
name = "@openzeppelin-contracts"
version = "4.9.5"
url = "https://soldeer-revisions.s3.amazonaws.com/@openzeppelin-contracts/4_9_5_22-01-2024_13:13:56_contracts.zip"
checksum = "23d102f257e57f95e4a4a55f981f8f7781f3a68c36fa77e80640812480334b27"
integrity = "27c0919f5274f868b39a294a81d73dd061ef2518d08148a454bc16095088380e"

[[dependencies]]
name = "@openzeppelin-contracts-upgradeable"
version = "4.9.5"
url = "https://soldeer-revisions.s3.amazonaws.com/@openzeppelin-contracts-upgradeable/4_9_5_22-01-2024_13:15:07_contracts-upgradeable.zip"
checksum = "1998107e1fe080525ff7a15db82bfbd47ca071223361c02a474fac4cd67823a9"
integrity = "4dd69760d035e2eb30d7c78f3a04b794383f58f9dfe6cc1d7a2c8e62d0e38353"

[[dependencies]]
name = "forge-std"
version = "1.9.5"
url = "https://soldeer-revisions.s3.amazonaws.com/forge-std/1_9_5_21-12-2024_15:04:05_forge-std-1.9.zip"
checksum = "57ada736f383289db77fac4472d48f820e7c98172cf9b01681b0c37065ce043f"
integrity = "4753ffdfa0dde40878372b6a4d8e8fd1648b190b33996896c8b92f6f1680850f"

[[dependencies]]
name = "solidity-bytes-utils"
version = "0.8.2"
git = "https://github.com/GNSPS/solidity-bytes-utils.git"
rev = "e0115c4d231910df47ce3b60625ce562fe4af985"
